
Microsoft Visual Studio Solution File, Format Version 12.00
# Visual Studio Version 17
VisualStudioVersion = 17.14.36811.4 d17.14
MinimumVisualStudioVersion = 10.0.40219.1
Project("{FAE04EC0-301F-11D3-BF4B-00C04F79EFBC}") = "Foras_Khadra", "Foras_Khadra\Foras_Khadra.csproj", "{FEA47680-DCF8-4044-92C1-454933BB63D1}"
EndProject
Global
	GlobalSection(SolutionConfigurationPlatforms) = preSolution
		Debug|Any CPU = Debug|Any CPU
		Release|Any CPU = Release|Any CPU
	EndGlobalSection
	GlobalSection(ProjectConfigurationPlatforms) = postSolution
		{FEA47680-DCF8-4044-92C1-454933BB63D1}.Debug|Any CPU.ActiveCfg = Debug|Any CPU
		{FEA47680-DCF8-4044-92C1-454933BB63D1}.Debug|Any CPU.Build.0 = Debug|Any CPU
		{FEA47680-DCF8-4044-92C1-454933BB63D1}.Release|Any CPU.ActiveCfg = Release|Any CPU
		{FEA47680-DCF8-4044-92C1-454933BB63D1}.Release|Any CPU.Build.0 = Release|Any CPU
	EndGlobalSection
	GlobalSection(SolutionProperties) = preSolution
		HideSolutionNode = FALSE
	EndGlobalSection
	GlobalSection(ExtensibilityGlobals) = postSolution
		SolutionGuid = {B622279F-1B3A-4B7B-88D1-42075A256F86}
	EndGlobalSection
EndGlobal
